
Microsoft Visual Studio Solution File, Format Version 12.00
# Visual Studio Version 17
VisualStudioVersion = 17.4.33213.308
MinimumVisualStudioVersion = 10.0.40219.1
Project("{9A19103F-16F7-4668-BE54-9A1E7A4F7556}") = "Examination System", "Examination System.csproj", "{FBB4A806-A827-4910-8BBD-A649D7EEC1C2}"
EndProject
Global
	GlobalSection(SolutionConfigurationPlatforms) = preSolution
		Debug|Any CPU = Debug|Any CPU
		Release|Any CPU = Release|Any CPU
	EndGlobalSection
	GlobalSection(ProjectConfigurationPlatforms) = postSolution
		{FBB4A806-A827-4910-8BBD-A649D7EEC1C2}.Debug|Any CPU.ActiveCfg = Debug|Any CPU
		{FBB4A806-A827-4910-8BBD-A649D7EEC1C2}.Debug|Any CPU.Build.0 = Debug|Any CPU
		{FBB4A806-A827-4910-8BBD-A649D7EEC1C2}.Release|Any CPU.ActiveCfg = Release|Any CPU
		{FBB4A806-A827-4910-8BBD-A649D7EEC1C2}.Release|Any CPU.Build.0 = Release|Any CPU
	EndGlobalSection
	GlobalSection(SolutionProperties) = preSolution
		HideSolutionNode = FALSE
	EndGlobalSection
	GlobalSection(ExtensibilityGlobals) = postSolution
		SolutionGuid = {AFA083A2-74A5-4E7F-A012-812B2873A14D}
	EndGlobalSection
EndGlobal
